
Microsoft Visual Studio Solution File, Format Version 12.00
# Visual Studio 15
VisualStudioVersion = 15.0.28307.271
MinimumVisualStudioVersion = 10.0.40219.1
Project("{FAE04EC0-301F-11D3-BF4B-00C04F79EFBC}") = "ConsoleApp1", "ConsoleApp1\ConsoleApp1.csproj", "{76E93D2E-5F86-4A2C-9BDD-C54AB9C3A565}"
EndProject
Global
	GlobalSection(SolutionConfigurationPlatforms) = preSolution
		Debug|Any CPU = Debug|Any CPU
		Release|Any CPU = Release|Any CPU
	EndGlobalSection
	GlobalSection(ProjectConfigurationPlatforms) = postSolution
		{76E93D2E-5F86-4A2C-9BDD-C54AB9C3A565}.Debug|Any CPU.ActiveCfg = Debug|Any CPU
		{76E93D2E-5F86-4A2C-9BDD-C54AB9C3A565}.Debug|Any CPU.Build.0 = Debug|Any CPU
		{76E93D2E-5F86-4A2C-9BDD-C54AB9C3A565}.Release|Any CPU.ActiveCfg = Release|Any CPU
		{76E93D2E-5F86-4A2C-9BDD-C54AB9C3A565}.Release|Any CPU.Build.0 = Release|Any CPU
	EndGlobalSection
	GlobalSection(SolutionProperties) = preSolution
		HideSolutionNode = FALSE
	EndGlobalSection
	GlobalSection(ExtensibilityGlobals) = postSolution
		SolutionGuid = {592C1372-70F3-48B9-B944-C6C20C4FE043}
	EndGlobalSection
EndGlobal
